
Microsoft Visual Studio Solution File, Format Version 12.00
# Visual Studio 15
VisualStudioVersion = 15.0.27703.2042
MinimumVisualStudioVersion = 10.0.40219.1
Project("{FAE04EC0-301F-11D3-BF4B-00C04F79EFBC}") = "TRYDATAWEBREGISTRATION", "TRYDATAWEBREGISTRATION\TRYDATAWEBREGISTRATION.csproj", "{55304F11-96C1-4A9F-A0DC-B57FE547DFE4}"
EndProject
Global
	GlobalSection(SolutionConfigurationPlatforms) = preSolution
		Debug|Any CPU = Debug|Any CPU
		Release|Any CPU = Release|Any CPU
	EndGlobalSection
	GlobalSection(ProjectConfigurationPlatforms) = postSolution
		{55304F11-96C1-4A9F-A0DC-B57FE547DFE4}.Debug|Any CPU.ActiveCfg = Debug|Any CPU
		{55304F11-96C1-4A9F-A0DC-B57FE547DFE4}.Debug|Any CPU.Build.0 = Debug|Any CPU
		{55304F11-96C1-4A9F-A0DC-B57FE547DFE4}.Release|Any CPU.ActiveCfg = Release|Any CPU
		{55304F11-96C1-4A9F-A0DC-B57FE547DFE4}.Release|Any CPU.Build.0 = Release|Any CPU
	EndGlobalSection
	GlobalSection(SolutionProperties) = preSolution
		HideSolutionNode = FALSE
	EndGlobalSection
	GlobalSection(ExtensibilityGlobals) = postSolution
		SolutionGuid = {6496CBFF-77DA-4863-B921-E5854C1FBB51}
	EndGlobalSection
EndGlobal
